
Microsoft Visual Studio Solution File, Format Version 12.00
# Visual Studio Version 17
VisualStudioVersion = 17.11.35222.181
MinimumVisualStudioVersion = 10.0.40219.1
Project("{9A19103F-16F7-4668-BE54-9A1E7A4F7556}") = "FastFoodDelivery.Client", "FastFoodDelivery\FastFoodDelivery.Client.csproj", "{F3C77BF9-2B5C-45C7-88D3-9587E42743FC}"
EndProject
Project("{9A19103F-16F7-4668-BE54-9A1E7A4F7556}") = "FastFoodDelivery.BLL", "FastFoodDelivery.BLL\FastFoodDelivery.BLL.csproj", "{B87FA4E6-C47D-419B-9765-D26877F33B39}"
EndProject
Global
	GlobalSection(SolutionConfigurationPlatforms) = preSolution
		Debug|Any CPU = Debug|Any CPU
		Release|Any CPU = Release|Any CPU
	EndGlobalSection
	GlobalSection(ProjectConfigurationPlatforms) = postSolution
		{F3C77BF9-2B5C-45C7-88D3-9587E42743FC}.Debug|Any CPU.ActiveCfg = Debug|Any CPU
		{F3C77BF9-2B5C-45C7-88D3-9587E42743FC}.Debug|Any CPU.Build.0 = Debug|Any CPU
		{F3C77BF9-2B5C-45C7-88D3-9587E42743FC}.Release|Any CPU.ActiveCfg = Release|Any CPU
		{F3C77BF9-2B5C-45C7-88D3-9587E42743FC}.Release|Any CPU.Build.0 = Release|Any CPU
		{B87FA4E6-C47D-419B-9765-D26877F33B39}.Debug|Any CPU.ActiveCfg = Debug|Any CPU
		{B87FA4E6-C47D-419B-9765-D26877F33B39}.Debug|Any CPU.Build.0 = Debug|Any CPU
		{B87FA4E6-C47D-419B-9765-D26877F33B39}.Release|Any CPU.ActiveCfg = Release|Any CPU
		{B87FA4E6-C47D-419B-9765-D26877F33B39}.Release|Any CPU.Build.0 = Release|Any CPU
	EndGlobalSection
	GlobalSection(SolutionProperties) = preSolution
		HideSolutionNode = FALSE
	EndGlobalSection
	GlobalSection(ExtensibilityGlobals) = postSolution
		SolutionGuid = {5761D209-836B-4111-B639-1BD2D49B4EBD}
	EndGlobalSection
EndGlobal
